
Microsoft Visual Studio Solution File, Format Version 12.00
# Visual Studio Version 17
VisualStudioVersion = 17.6.33829.357
MinimumVisualStudioVersion = 10.0.40219.1
Project("{FAE04EC0-301F-11D3-BF4B-00C04F79EFBC}") = "DAL", "DAL\DAL.csproj", "{CD6585BD-D7EE-47DA-8C9C-0D244782404A}"
EndProject
Project("{FAE04EC0-301F-11D3-BF4B-00C04F79EFBC}") = "DAL_Tests", "DAL_Tests\DAL_Tests.csproj", "{329A270D-2CD5-4E17-ACCB-0BF23B89E6E9}"
EndProject
Project("{FAE04EC0-301F-11D3-BF4B-00C04F79EFBC}") = "CCL", "CCL\CCL.csproj", "{BE4D4F34-FE36-4722-8E3B-579AA2F65275}"
EndProject
Global
	GlobalSection(SolutionConfigurationPlatforms) = preSolution
		Debug|Any CPU = Debug|Any CPU
		Release|Any CPU = Release|Any CPU
	EndGlobalSection
	GlobalSection(ProjectConfigurationPlatforms) = postSolution
		{CD6585BD-D7EE-47DA-8C9C-0D244782404A}.Debug|Any CPU.ActiveCfg = Debug|Any CPU
		{CD6585BD-D7EE-47DA-8C9C-0D244782404A}.Debug|Any CPU.Build.0 = Debug|Any CPU
		{CD6585BD-D7EE-47DA-8C9C-0D244782404A}.Release|Any CPU.ActiveCfg = Release|Any CPU
		{CD6585BD-D7EE-47DA-8C9C-0D244782404A}.Release|Any CPU.Build.0 = Release|Any CPU
		{329A270D-2CD5-4E17-ACCB-0BF23B89E6E9}.Debug|Any CPU.ActiveCfg = Debug|Any CPU
		{329A270D-2CD5-4E17-ACCB-0BF23B89E6E9}.Debug|Any CPU.Build.0 = Debug|Any CPU
		{329A270D-2CD5-4E17-ACCB-0BF23B89E6E9}.Release|Any CPU.ActiveCfg = Release|Any CPU
		{329A270D-2CD5-4E17-ACCB-0BF23B89E6E9}.Release|Any CPU.Build.0 = Release|Any CPU
		{BE4D4F34-FE36-4722-8E3B-579AA2F65275}.Debug|Any CPU.ActiveCfg = Debug|Any CPU
		{BE4D4F34-FE36-4722-8E3B-579AA2F65275}.Debug|Any CPU.Build.0 = Debug|Any CPU
		{BE4D4F34-FE36-4722-8E3B-579AA2F65275}.Release|Any CPU.ActiveCfg = Release|Any CPU
		{BE4D4F34-FE36-4722-8E3B-579AA2F65275}.Release|Any CPU.Build.0 = Release|Any CPU
	EndGlobalSection
	GlobalSection(SolutionProperties) = preSolution
		HideSolutionNode = FALSE
	EndGlobalSection
	GlobalSection(ExtensibilityGlobals) = postSolution
		SolutionGuid = {AE3A373B-60CF-4344-B246-A9D445963BBD}
	EndGlobalSection
EndGlobal
